
Microsoft Visual Studio Solution File, Format Version 12.00
# Visual Studio 15
VisualStudioVersion = 15.0.26403.7
MinimumVisualStudioVersion = 10.0.40219.1
Project("{FAE04EC0-301F-11D3-BF4B-00C04F79EFBC}") = "Opg01Hello", "ConsoleApp1\Opg01Hello.csproj", "{42788A2A-FCFF-428B-80F1-EE337F722775}"
EndProject
Project("{FAE04EC0-301F-11D3-BF4B-00C04F79EFBC}") = "Opg02Variable", "ConsoleApp2\Opg02Variable.csproj", "{B69EFA08-EB2D-4F53-A18C-79BEE3B5D94B}"
EndProject
Global
	GlobalSection(SolutionConfigurationPlatforms) = preSolution
		Debug|Any CPU = Debug|Any CPU
		Release|Any CPU = Release|Any CPU
	EndGlobalSection
	GlobalSection(ProjectConfigurationPlatforms) = postSolution
		{42788A2A-FCFF-428B-80F1-EE337F722775}.Debug|Any CPU.ActiveCfg = Debug|Any CPU
		{42788A2A-FCFF-428B-80F1-EE337F722775}.Debug|Any CPU.Build.0 = Debug|Any CPU
		{42788A2A-FCFF-428B-80F1-EE337F722775}.Release|Any CPU.ActiveCfg = Release|Any CPU
		{42788A2A-FCFF-428B-80F1-EE337F722775}.Release|Any CPU.Build.0 = Release|Any CPU
		{B69EFA08-EB2D-4F53-A18C-79BEE3B5D94B}.Debug|Any CPU.ActiveCfg = Debug|Any CPU
		{B69EFA08-EB2D-4F53-A18C-79BEE3B5D94B}.Debug|Any CPU.Build.0 = Debug|Any CPU
		{B69EFA08-EB2D-4F53-A18C-79BEE3B5D94B}.Release|Any CPU.ActiveCfg = Release|Any CPU
		{B69EFA08-EB2D-4F53-A18C-79BEE3B5D94B}.Release|Any CPU.Build.0 = Release|Any CPU
	EndGlobalSection
	GlobalSection(SolutionProperties) = preSolution
		HideSolutionNode = FALSE
	EndGlobalSection
EndGlobal
