
Microsoft Visual Studio Solution File, Format Version 12.00
# Visual Studio 15
VisualStudioVersion = 15.0.26430.4
MinimumVisualStudioVersion = 10.0.40219.1
Project("{FAE04EC0-301F-11D3-BF4B-00C04F79EFBC}") = "Opg01Hello", "ConsoleApp1\Opg01Hello.csproj", "{42788A2A-FCFF-428B-80F1-EE337F722775}"
EndProject
Project("{FAE04EC0-301F-11D3-BF4B-00C04F79EFBC}") = "Opg02Variable", "ConsoleApp2\Opg02Variable.csproj", "{B69EFA08-EB2D-4F53-A18C-79BEE3B5D94B}"
EndProject
Project("{FAE04EC0-301F-11D3-BF4B-00C04F79EFBC}") = "Opg03Arrays", "Opg03Arrays\Opg03Arrays.csproj", "{730E2292-D230-48B0-A5D9-2EC3CE0E26A2}"
EndProject
Project("{FAE04EC0-301F-11D3-BF4B-00C04F79EFBC}") = "Opg04Strings", "Opg04Strings\Opg04Strings.csproj", "{BED287F4-569C-453A-BACD-AEB464244F58}"
EndProject
Project("{FAE04EC0-301F-11D3-BF4B-00C04F79EFBC}") = "Opg05Tabel", "Opg05Tabel\Opg05Tabel.csproj", "{73138617-CF3B-4280-82A5-D0FE42E26DAE}"
EndProject
Project("{FAE04EC0-301F-11D3-BF4B-00C04F79EFBC}") = "Opg06SmaaMetoder", "Op06SmaaMetoder\Opg06SmaaMetoder.csproj", "{4A402A11-E882-4C63-80C9-897BF1FA011C}"
EndProject
Project("{FAE04EC0-301F-11D3-BF4B-00C04F79EFBC}") = "Opg07BeregnArray", "Opg07BeregnArray\Opg07BeregnArray.csproj", "{504D304C-2C91-474B-841F-F9387EE09855}"
EndProject
Project("{FAE04EC0-301F-11D3-BF4B-00C04F79EFBC}") = "Opg08Overloading", "Opg07Overloading\Opg08Overloading.csproj", "{1458D3D3-891E-48BA-972B-C46025DCD24A}"
EndProject
Project("{FAE04EC0-301F-11D3-BF4B-00C04F79EFBC}") = "Opg09Rekursion", "Opg09Rekursion\Opg09Rekursion.csproj", "{E5397481-D082-431D-8240-F39479BFBE07}"
EndProject
Project("{FAE04EC0-301F-11D3-BF4B-00C04F79EFBC}") = "Opg10Terning", "Opg10Terning\Opg10Terning.csproj", "{DB2BF40A-50AD-4D03-AC7F-96B34A2E62A8}"
EndProject
Project("{FAE04EC0-301F-11D3-BF4B-00C04F79EFBC}") = "Opg11Properties", "Opg11Properties\Opg11Properties.csproj", "{346C523E-795A-4F58-B116-A7B201BDF2FA}"
EndProject
Project("{FAE04EC0-301F-11D3-BF4B-00C04F79EFBC}") = "Opg12Properties2", "Opg12Properties2\Opg12Properties2.csproj", "{D85CF90B-18E7-4A0E-925D-C8EEB3F0D375}"
EndProject
Project("{FAE04EC0-301F-11D3-BF4B-00C04F79EFBC}") = "Opg13Person", "Opg13Person\Opg13Person.csproj", "{C450D180-E46C-4A2B-9D4A-7F724E437120}"
EndProject
Project("{FAE04EC0-301F-11D3-BF4B-00C04F79EFBC}") = "Opg14Terning", "Opg14Terning\Opg14Terning.csproj", "{774AFDAA-A3B1-495D-B14E-6EC594E9FACF}"
EndProject
Project("{FAE04EC0-301F-11D3-BF4B-00C04F79EFBC}") = "Opg15Polymorfi", "Opg15Polymorfi\Opg15Polymorfi.csproj", "{22FA4DA7-104E-4B5F-BCD6-4CDDFF71244F}"
EndProject
Project("{FAE04EC0-301F-11D3-BF4B-00C04F79EFBC}") = "Opg16Fejlhåndtering", "Opg16Fejlhåndtering\Opg16Fejlhåndtering.csproj", "{DDA76F56-777C-4A89-8353-0E705907378C}"
EndProject
Project("{FAE04EC0-301F-11D3-BF4B-00C04F79EFBC}") = "Opg17Log", "Opg17Log\Opg17Log.csproj", "{862F922C-F163-4CB9-9233-14980D5CB741}"
EndProject
Project("{FAE04EC0-301F-11D3-BF4B-00C04F79EFBC}") = "Opg18Interface", "Opg18Interface\Opg18Interface.csproj", "{0E5EF3FC-913D-48C0-9D94-FC5E0512EB1B}"
EndProject
Project("{FAE04EC0-301F-11D3-BF4B-00C04F79EFBC}") = "Opg19Compare", "Opg19Compare\Opg19Compare.csproj", "{0DD98392-4A3F-43BB-A445-55EECBF01608}"
EndProject
Project("{FAE04EC0-301F-11D3-BF4B-00C04F79EFBC}") = "Opg20List", "Opg20List\Opg20List.csproj", "{5362CEDE-AE5F-40C0-81D3-F2FCB9A2902A}"
EndProject
Project("{FAE04EC0-301F-11D3-BF4B-00C04F79EFBC}") = "Opg21Using", "Opg21Using\Opg21Using.csproj", "{424EA0D5-FF7C-4BDC-AA1E-074EF313EFB5}"
EndProject
Project("{FAE04EC0-301F-11D3-BF4B-00C04F79EFBC}") = "Opg22Collection", "Opg22Collection\Opg22Collection.csproj", "{F4DCA54C-95B1-42EC-B51B-2DFCB1CABFA7}"
EndProject
Project("{FAE04EC0-301F-11D3-BF4B-00C04F79EFBC}") = "Opg23Delegates", "Opg23Delegates\Opg23Delegates.csproj", "{BD6FF895-C335-48EC-B733-9151A69EC1B2}"
EndProject
Project("{FAE04EC0-301F-11D3-BF4B-00C04F79EFBC}") = "Opg24Events", "Events\Opg24Events.csproj", "{211B8A07-16C5-46A0-A803-6EF87E1EA2C0}"
EndProject
Project("{FAE04EC0-301F-11D3-BF4B-00C04F79EFBC}") = "Opg25LINQ", "Opg25LINQ\Opg25LINQ.csproj", "{B52B7962-3C96-41F1-A3A7-FED7E307D19A}"
EndProject
Global
	GlobalSection(SolutionConfigurationPlatforms) = preSolution
		Debug|Any CPU = Debug|Any CPU
		Release|Any CPU = Release|Any CPU
	EndGlobalSection
	GlobalSection(ProjectConfigurationPlatforms) = postSolution
		{42788A2A-FCFF-428B-80F1-EE337F722775}.Debug|Any CPU.ActiveCfg = Debug|Any CPU
		{42788A2A-FCFF-428B-80F1-EE337F722775}.Debug|Any CPU.Build.0 = Debug|Any CPU
		{42788A2A-FCFF-428B-80F1-EE337F722775}.Release|Any CPU.ActiveCfg = Release|Any CPU
		{42788A2A-FCFF-428B-80F1-EE337F722775}.Release|Any CPU.Build.0 = Release|Any CPU
		{B69EFA08-EB2D-4F53-A18C-79BEE3B5D94B}.Debug|Any CPU.ActiveCfg = Debug|Any CPU
		{B69EFA08-EB2D-4F53-A18C-79BEE3B5D94B}.Debug|Any CPU.Build.0 = Debug|Any CPU
		{B69EFA08-EB2D-4F53-A18C-79BEE3B5D94B}.Release|Any CPU.ActiveCfg = Release|Any CPU
		{B69EFA08-EB2D-4F53-A18C-79BEE3B5D94B}.Release|Any CPU.Build.0 = Release|Any CPU
		{730E2292-D230-48B0-A5D9-2EC3CE0E26A2}.Debug|Any CPU.ActiveCfg = Debug|Any CPU
		{730E2292-D230-48B0-A5D9-2EC3CE0E26A2}.Debug|Any CPU.Build.0 = Debug|Any CPU
		{730E2292-D230-48B0-A5D9-2EC3CE0E26A2}.Release|Any CPU.ActiveCfg = Release|Any CPU
		{730E2292-D230-48B0-A5D9-2EC3CE0E26A2}.Release|Any CPU.Build.0 = Release|Any CPU
		{BED287F4-569C-453A-BACD-AEB464244F58}.Debug|Any CPU.ActiveCfg = Debug|Any CPU
		{BED287F4-569C-453A-BACD-AEB464244F58}.Debug|Any CPU.Build.0 = Debug|Any CPU
		{BED287F4-569C-453A-BACD-AEB464244F58}.Release|Any CPU.ActiveCfg = Release|Any CPU
		{BED287F4-569C-453A-BACD-AEB464244F58}.Release|Any CPU.Build.0 = Release|Any CPU
		{73138617-CF3B-4280-82A5-D0FE42E26DAE}.Debug|Any CPU.ActiveCfg = Debug|Any CPU
		{73138617-CF3B-4280-82A5-D0FE42E26DAE}.Debug|Any CPU.Build.0 = Debug|Any CPU
		{73138617-CF3B-4280-82A5-D0FE42E26DAE}.Release|Any CPU.ActiveCfg = Release|Any CPU
		{73138617-CF3B-4280-82A5-D0FE42E26DAE}.Release|Any CPU.Build.0 = Release|Any CPU
		{4A402A11-E882-4C63-80C9-897BF1FA011C}.Debug|Any CPU.ActiveCfg = Debug|Any CPU
		{4A402A11-E882-4C63-80C9-897BF1FA011C}.Debug|Any CPU.Build.0 = Debug|Any CPU
		{4A402A11-E882-4C63-80C9-897BF1FA011C}.Release|Any CPU.ActiveCfg = Release|Any CPU
		{4A402A11-E882-4C63-80C9-897BF1FA011C}.Release|Any CPU.Build.0 = Release|Any CPU
		{504D304C-2C91-474B-841F-F9387EE09855}.Debug|Any CPU.ActiveCfg = Debug|Any CPU
		{504D304C-2C91-474B-841F-F9387EE09855}.Debug|Any CPU.Build.0 = Debug|Any CPU
		{504D304C-2C91-474B-841F-F9387EE09855}.Release|Any CPU.ActiveCfg = Release|Any CPU
		{504D304C-2C91-474B-841F-F9387EE09855}.Release|Any CPU.Build.0 = Release|Any CPU
		{1458D3D3-891E-48BA-972B-C46025DCD24A}.Debug|Any CPU.ActiveCfg = Debug|Any CPU
		{1458D3D3-891E-48BA-972B-C46025DCD24A}.Debug|Any CPU.Build.0 = Debug|Any CPU
		{1458D3D3-891E-48BA-972B-C46025DCD24A}.Release|Any CPU.ActiveCfg = Release|Any CPU
		{1458D3D3-891E-48BA-972B-C46025DCD24A}.Release|Any CPU.Build.0 = Release|Any CPU
		{E5397481-D082-431D-8240-F39479BFBE07}.Debug|Any CPU.ActiveCfg = Debug|Any CPU
		{E5397481-D082-431D-8240-F39479BFBE07}.Debug|Any CPU.Build.0 = Debug|Any CPU
		{E5397481-D082-431D-8240-F39479BFBE07}.Release|Any CPU.ActiveCfg = Release|Any CPU
		{E5397481-D082-431D-8240-F39479BFBE07}.Release|Any CPU.Build.0 = Release|Any CPU
		{DB2BF40A-50AD-4D03-AC7F-96B34A2E62A8}.Debug|Any CPU.ActiveCfg = Debug|Any CPU
		{DB2BF40A-50AD-4D03-AC7F-96B34A2E62A8}.Debug|Any CPU.Build.0 = Debug|Any CPU
		{DB2BF40A-50AD-4D03-AC7F-96B34A2E62A8}.Release|Any CPU.ActiveCfg = Release|Any CPU
		{DB2BF40A-50AD-4D03-AC7F-96B34A2E62A8}.Release|Any CPU.Build.0 = Release|Any CPU
		{346C523E-795A-4F58-B116-A7B201BDF2FA}.Debug|Any CPU.ActiveCfg = Debug|Any CPU
		{346C523E-795A-4F58-B116-A7B201BDF2FA}.Debug|Any CPU.Build.0 = Debug|Any CPU
		{346C523E-795A-4F58-B116-A7B201BDF2FA}.Release|Any CPU.ActiveCfg = Release|Any CPU
		{346C523E-795A-4F58-B116-A7B201BDF2FA}.Release|Any CPU.Build.0 = Release|Any CPU
		{D85CF90B-18E7-4A0E-925D-C8EEB3F0D375}.Debug|Any CPU.ActiveCfg = Debug|Any CPU
		{D85CF90B-18E7-4A0E-925D-C8EEB3F0D375}.Debug|Any CPU.Build.0 = Debug|Any CPU
		{D85CF90B-18E7-4A0E-925D-C8EEB3F0D375}.Release|Any CPU.ActiveCfg = Release|Any CPU
		{D85CF90B-18E7-4A0E-925D-C8EEB3F0D375}.Release|Any CPU.Build.0 = Release|Any CPU
		{C450D180-E46C-4A2B-9D4A-7F724E437120}.Debug|Any CPU.ActiveCfg = Debug|Any CPU
		{C450D180-E46C-4A2B-9D4A-7F724E437120}.Debug|Any CPU.Build.0 = Debug|Any CPU
		{C450D180-E46C-4A2B-9D4A-7F724E437120}.Release|Any CPU.ActiveCfg = Release|Any CPU
		{C450D180-E46C-4A2B-9D4A-7F724E437120}.Release|Any CPU.Build.0 = Release|Any CPU
		{774AFDAA-A3B1-495D-B14E-6EC594E9FACF}.Debug|Any CPU.ActiveCfg = Debug|Any CPU
		{774AFDAA-A3B1-495D-B14E-6EC594E9FACF}.Debug|Any CPU.Build.0 = Debug|Any CPU
		{774AFDAA-A3B1-495D-B14E-6EC594E9FACF}.Release|Any CPU.ActiveCfg = Release|Any CPU
		{774AFDAA-A3B1-495D-B14E-6EC594E9FACF}.Release|Any CPU.Build.0 = Release|Any CPU
		{22FA4DA7-104E-4B5F-BCD6-4CDDFF71244F}.Debug|Any CPU.ActiveCfg = Debug|Any CPU
		{22FA4DA7-104E-4B5F-BCD6-4CDDFF71244F}.Debug|Any CPU.Build.0 = Debug|Any CPU
		{22FA4DA7-104E-4B5F-BCD6-4CDDFF71244F}.Release|Any CPU.ActiveCfg = Release|Any CPU
		{22FA4DA7-104E-4B5F-BCD6-4CDDFF71244F}.Release|Any CPU.Build.0 = Release|Any CPU
		{DDA76F56-777C-4A89-8353-0E705907378C}.Debug|Any CPU.ActiveCfg = Debug|Any CPU
		{DDA76F56-777C-4A89-8353-0E705907378C}.Debug|Any CPU.Build.0 = Debug|Any CPU
		{DDA76F56-777C-4A89-8353-0E705907378C}.Release|Any CPU.ActiveCfg = Release|Any CPU
		{DDA76F56-777C-4A89-8353-0E705907378C}.Release|Any CPU.Build.0 = Release|Any CPU
		{862F922C-F163-4CB9-9233-14980D5CB741}.Debug|Any CPU.ActiveCfg = Debug|Any CPU
		{862F922C-F163-4CB9-9233-14980D5CB741}.Debug|Any CPU.Build.0 = Debug|Any CPU
		{862F922C-F163-4CB9-9233-14980D5CB741}.Release|Any CPU.ActiveCfg = Release|Any CPU
		{862F922C-F163-4CB9-9233-14980D5CB741}.Release|Any CPU.Build.0 = Release|Any CPU
		{0E5EF3FC-913D-48C0-9D94-FC5E0512EB1B}.Debug|Any CPU.ActiveCfg = Debug|Any CPU
		{0E5EF3FC-913D-48C0-9D94-FC5E0512EB1B}.Debug|Any CPU.Build.0 = Debug|Any CPU
		{0E5EF3FC-913D-48C0-9D94-FC5E0512EB1B}.Release|Any CPU.ActiveCfg = Release|Any CPU
		{0E5EF3FC-913D-48C0-9D94-FC5E0512EB1B}.Release|Any CPU.Build.0 = Release|Any CPU
		{0DD98392-4A3F-43BB-A445-55EECBF01608}.Debug|Any CPU.ActiveCfg = Debug|Any CPU
		{0DD98392-4A3F-43BB-A445-55EECBF01608}.Debug|Any CPU.Build.0 = Debug|Any CPU
		{0DD98392-4A3F-43BB-A445-55EECBF01608}.Release|Any CPU.ActiveCfg = Release|Any CPU
		{0DD98392-4A3F-43BB-A445-55EECBF01608}.Release|Any CPU.Build.0 = Release|Any CPU
		{5362CEDE-AE5F-40C0-81D3-F2FCB9A2902A}.Debug|Any CPU.ActiveCfg = Debug|Any CPU
		{5362CEDE-AE5F-40C0-81D3-F2FCB9A2902A}.Debug|Any CPU.Build.0 = Debug|Any CPU
		{5362CEDE-AE5F-40C0-81D3-F2FCB9A2902A}.Release|Any CPU.ActiveCfg = Release|Any CPU
		{5362CEDE-AE5F-40C0-81D3-F2FCB9A2902A}.Release|Any CPU.Build.0 = Release|Any CPU
		{424EA0D5-FF7C-4BDC-AA1E-074EF313EFB5}.Debug|Any CPU.ActiveCfg = Debug|Any CPU
		{424EA0D5-FF7C-4BDC-AA1E-074EF313EFB5}.Debug|Any CPU.Build.0 = Debug|Any CPU
		{424EA0D5-FF7C-4BDC-AA1E-074EF313EFB5}.Release|Any CPU.ActiveCfg = Release|Any CPU
		{424EA0D5-FF7C-4BDC-AA1E-074EF313EFB5}.Release|Any CPU.Build.0 = Release|Any CPU
		{F4DCA54C-95B1-42EC-B51B-2DFCB1CABFA7}.Debug|Any CPU.ActiveCfg = Debug|Any CPU
		{F4DCA54C-95B1-42EC-B51B-2DFCB1CABFA7}.Debug|Any CPU.Build.0 = Debug|Any CPU
		{F4DCA54C-95B1-42EC-B51B-2DFCB1CABFA7}.Release|Any CPU.ActiveCfg = Release|Any CPU
		{F4DCA54C-95B1-42EC-B51B-2DFCB1CABFA7}.Release|Any CPU.Build.0 = Release|Any CPU
		{BD6FF895-C335-48EC-B733-9151A69EC1B2}.Debug|Any CPU.ActiveCfg = Debug|Any CPU
		{BD6FF895-C335-48EC-B733-9151A69EC1B2}.Debug|Any CPU.Build.0 = Debug|Any CPU
		{BD6FF895-C335-48EC-B733-9151A69EC1B2}.Release|Any CPU.ActiveCfg = Release|Any CPU
		{BD6FF895-C335-48EC-B733-9151A69EC1B2}.Release|Any CPU.Build.0 = Release|Any CPU
		{211B8A07-16C5-46A0-A803-6EF87E1EA2C0}.Debug|Any CPU.ActiveCfg = Debug|Any CPU
		{211B8A07-16C5-46A0-A803-6EF87E1EA2C0}.Debug|Any CPU.Build.0 = Debug|Any CPU
		{211B8A07-16C5-46A0-A803-6EF87E1EA2C0}.Release|Any CPU.ActiveCfg = Release|Any CPU
		{211B8A07-16C5-46A0-A803-6EF87E1EA2C0}.Release|Any CPU.Build.0 = Release|Any CPU
		{B52B7962-3C96-41F1-A3A7-FED7E307D19A}.Debug|Any CPU.ActiveCfg = Debug|Any CPU
		{B52B7962-3C96-41F1-A3A7-FED7E307D19A}.Debug|Any CPU.Build.0 = Debug|Any CPU
		{B52B7962-3C96-41F1-A3A7-FED7E307D19A}.Release|Any CPU.ActiveCfg = Release|Any CPU
		{B52B7962-3C96-41F1-A3A7-FED7E307D19A}.Release|Any CPU.Build.0 = Release|Any CPU
	EndGlobalSection
	GlobalSection(SolutionProperties) = preSolution
		HideSolutionNode = FALSE
	EndGlobalSection
EndGlobal
